// !$*UTF8*$!
{
	archiveVersion = 1;
	classes = {
	};
	objectVersion = 46;
	objects = {

/* Begin PBXBuildFile section */
		16D6CAE81B06C73100B9EB3D /* AppDelegate.swift in Sources */ = {isa = PBXBuildFile; fileRef = 16D6CAE71B06C73100B9EB3D /* AppDelegate.swift */; };
		16D6CAEA1B06C73100B9EB3D /* ViewController.swift in Sources */ = {isa = PBXBuildFile; fileRef = 16D6CAE91B06C73100B9EB3D /* ViewController.swift */; };
		16D6CAED1B06C73100B9EB3D /* Main.storyboard in Resources */ = {isa = PBXBuildFile; fileRef = 16D6CAEB1B06C73100B9EB3D /* Main.storyboard */; };
		16D6CAEF1B06C73100B9EB3D /* Images.xcassets in Resources */ = {isa = PBXBuildFile; fileRef = 16D6CAEE1B06C73100B9EB3D /* Images.xcassets */; };
		16D6CAF21B06C73100B9EB3D /* LaunchScreen.xib in Resources */ = {isa = PBXBuildFile; fileRef = 16D6CAF01B06C73100B9EB3D /* LaunchScreen.xib */; };
		16D6CAFE1B06C73100B9EB3D /* Cat_YearsTests.swift in Sources */ = {isa = PBXBuildFile; fileRef = 16D6CAFD1B06C73100B9EB3D /* Cat_YearsTests.swift */; };
/* End PBXBuildFile section */

/* Begin PBXContainerItemProxy section */
		16D6CAF81B06C73100B9EB3D /* PBXContainerItemProxy */ = {
			isa = PBXContainerItemProxy;
			containerPortal = 16D6CADA1B06C73100B9EB3D /* Project object */;
			proxyType = 1;
			remoteGlobalIDString = 16D6CAE11B06C73100B9EB3D;
			remoteInfo = "Cat Years";
		};
/* End PBXContainerItemProxy section */

/* Begin PBXFileReference section */
		16D6CAE21B06C73100B9EB3D /* Cat Years.app */ = {isa = PBXFileReference; explicitFileType = wrapper.application; includeInIndex = 0; path = "Cat Years.app"; sourceTree = BUILT_PRODUCTS_DIR; };
		16D6CAE61B06C73100B9EB3D /* Info.plist */ = {isa = PBXFileReference; lastKnownFileType = text.plist.xml; path = Info.plist; sourceTree = "<group>"; };
		16D6CAE71B06C73100B9EB3D /* AppDelegate.swift */ = {isa = PBXFileReference; lastKnownFileType = sourcecode.swift; path = AppDelegate.swift; sourceTree = "<group>"; };
		16D6CAE91B06C73100B9EB3D /* ViewController.swift */ = {isa = PBXFileReference; lastKnownFileType = sourcecode.swift; path = ViewController.swift; sourceTree = "<group>"; };
		16D6CAEC1B06C73100B9EB3D /* Base */ = {isa = PBXFileReference; lastKnownFileType = file.storyboard; name = Base; path = Base.lproj/Main.storyboard; sourceTree = "<group>"; };
		16D6CAEE1B06C73100B9EB3D /* Images.xcassets */ = {isa = PBXFileReference; lastKnownFileType = folder.assetcatalog; path = Images.xcassets; sourceTree = "<group>"; };
		16D6CAF11B06C73100B9EB3D /* Base */ = {isa = PBXFileReference; lastKnownFileType = file.xib; name = Base; path = Base.lproj/LaunchScreen.xib; sourceTree = "<group>"; };
		16D6CAF71B06C73100B9EB3D /* Cat YearsTests.xctest */ = {isa = PBXFileReference; explicitFileType = wrapper.cfbundle; includeInIndex = 0; path = "Cat YearsTests.xctest"; sourceTree = BUILT_PRODUCTS_DIR; };
		16D6CAFC1B06C73100B9EB3D /* Info.plist */ = {isa = PBXFileReference; lastKnownFileType = text.plist.xml; path = Info.plist; sourceTree = "<group>"; };
		16D6CAFD1B06C73100B9EB3D /* Cat_YearsTests.swift */ = {isa = PBXFileReference; lastKnownFileType = sourcecode.swift; path = Cat_YearsTests.swift; sourceTree = "<group>"; };
/* End PBXFileReference section */

/* Begin PBXFrameworksBuildPhase section */
		16D6CADF1B06C73100B9EB3D /* Frameworks */ = {
			isa = PBXFrameworksBuildPhase;
			buildActionMask = 2147483647;
			files = (
			);
			runOnlyForDeploymentPostprocessing = 0;
		};
		16D6CAF41B06C73100B9EB3D /* Frameworks */ = {
			isa = PBXFrameworksBuildPhase;
			buildActionMask = 2147483647;
			files = (
			);
			runOnlyForDeploymentPostprocessing = 0;
		};
/* End PBXFrameworksBuildPhase section */

/* Begin PBXGroup section */
		16D6CAD91B06C73100B9EB3D = {
			isa = PBXGroup;
			children = (
				16D6CAE41B06C73100B9EB3D /* Cat Years */,
				16D6CAFA1B06C73100B9EB3D /* Cat YearsTests */,
				16D6CAE31B06C73100B9EB3D /* Products */,
			);
			sourceTree = "<group>";
		};
		16D6CAE31B06C73100B9EB3D /* Products */ = {
			isa = PBXGroup;
			children = (
				16D6CAE21B06C73100B9EB3D /* Cat Years.app */,
				16D6CAF71B06C73100B9EB3D /* Cat YearsTests.xctest */,
			);
			name = Products;
			sourceTree = "<group>";
		};
		16D6CAE41B06C73100B9EB3D /* Cat Years */ = {
			isa = PBXGroup;
			children = (
				16D6CAE71B06C73100B9EB3D /* AppDelegate.swift */,
				16D6CAE91B06C73100B9EB3D /* ViewController.swift */,
				16D6CAEB1B06C73100B9EB3D /* Main.storyboard */,
				16D6CAEE1B06C73100B9EB3D /* Images.xcassets */,
				16D6CAF01B06C73100B9EB3D /* LaunchScreen.xib */,
				16D6CAE51B06C73100B9EB3D /* Supporting Files */,
			);
			path = "Cat Years";
			sourceTree = "<group>";
		};
		16D6CAE51B06C73100B9EB3D /* Supporting Files */ = {
			isa = PBXGroup;
			children = (
				16D6CAE61B06C73100B9EB3D /* Info.plist */,
			);
			name = "Supporting Files";
			sourceTree = "<group>";
		};
		16D6CAFA1B06C73100B9EB3D /* Cat YearsTests */ = {
			isa = PBXGroup;
			children = (
				16D6CAFD1B06C73100B9EB3D /* Cat_YearsTests.swift */,
				16D6CAFB1B06C73100B9EB3D /* Supporting Files */,
			);
			path = "Cat YearsTests";
			sourceTree = "<group>";
		};
		16D6CAFB1B06C73100B9EB3D /* Supporting Files */ = {
			isa = PBXGroup;
			children = (
				16D6CAFC1B06C73100B9EB3D /* Info.plist */,
			);
			name = "Supporting Files";
			sourceTree = "<group>";
		};
/* End PBXGroup section */

/* Begin PBXNativeTarget section */
		16D6CAE11B06C73100B9EB3D /* Cat Years */ = {
			isa = PBXNativeTarget;
			buildConfigurationList = 16D6CB011B06C73100B9EB3D /* Build configuration list for PBXNativeTarget "Cat Years" */;
			buildPhases = (
				16D6CADE1B06C73100B9EB3D /* Sources */,
				16D6CADF1B06C73100B9EB3D /* Frameworks */,
				16D6CAE01B06C73100B9EB3D /* Resources */,
			);
			buildRules = (
			);
			dependencies = (
			);
			name = "Cat Years";
			productName = "Cat Years";
			productReference = 16D6CAE21B06C73100B9EB3D /* Cat Years.app */;
			productType = "com.apple.product-type.application";
		};
		16D6CAF61B06C73100B9EB3D /* Cat YearsTests */ = {
			isa = PBXNativeTarget;
			buildConfigurationList = 16D6CB041B06C73100B9EB3D /* Build configuration list for PBXNativeTarget "Cat YearsTests" */;
			buildPhases = (
				16D6CAF31B06C73100B9EB3D /* Sources */,
				16D6CAF41B06C73100B9EB3D /* Frameworks */,
				16D6CAF51B06C73100B9EB3D /* Resources */,
			);
			buildRules = (
			);
			dependencies = (
				16D6CAF91B06C73100B9EB3D /* PBXTargetDependency */,
			);
			name = "Cat YearsTests";
			productName = "Cat YearsTests";
			productReference = 16D6CAF71B06C73100B9EB3D /* Cat YearsTests.xctest */;
			productType = "com.apple.product-type.bundle.unit-test";
		};
/* End PBXNativeTarget section */

/* Begin PBXProject section */
		16D6CADA1B06C73100B9EB3D /* Project object */ = {
			isa = PBXProject;
			attributes = {
				LastUpgradeCheck = 0630;
				ORGANIZATIONNAME = "Sugbin Jung";
				TargetAttributes = {
					16D6CAE11B06C73100B9EB3D = {
						CreatedOnToolsVersion = 6.3.1;
					};
					16D6CAF61B06C73100B9EB3D = {
						CreatedOnToolsVersion = 6.3.1;
						TestTargetID = 16D6CAE11B06C73100B9EB3D;
					};
				};
			};
			buildConfigurationList = 16D6CADD1B06C73100B9EB3D /* Build configuration list for PBXProject "Cat Years" */;
			compatibilityVersion = "Xcode 3.2";
			developmentRegion = English;
			hasScannedForEncodings = 0;
			knownRegions = (
				en,
				Base,
			);
			mainGroup = 16D6CAD91B06C73100B9EB3D;
			productRefGroup = 16D6CAE31B06C73100B9EB3D /* Products */;
			projectDirPath = "";
			projectRoot = "";
			targets = (
				16D6CAE11B06C73100B9EB3D /* Cat Years */,
				16D6CAF61B06C73100B9EB3D /* Cat YearsTests */,
			);
		};
/* End PBXProject section */

/* Begin PBXResourcesBuildPhase section */
		16D6CAE01B06C73100B9EB3D /* Resources */ = {
			isa = PBXResourcesBuildPhase;
			buildActionMask = 2147483647;
			files = (
				16D6CAED1B06C73100B9EB3D /* Main.storyboard in Resources */,
				16D6CAF21B06C73100B9EB3D /* LaunchScreen.xib in Resources */,
				16D6CAEF1B06C73100B9EB3D /* Images.xcassets in Resources */,
			);
			runOnlyForDeploymentPostprocessing = 0;
		};
		16D6CAF51B06C73100B9EB3D /* Resources */ = {
			isa = PBXResourcesBuildPhase;
			buildActionMask = 2147483647;
			files = (
			);
			runOnlyForDeploymentPostprocessing = 0;
		};
/* End PBXResourcesBuildPhase section */

/* Begin PBXSourcesBuildPhase section */
		16D6CADE1B06C73100B9EB3D /* Sources */ = {
			isa = PBXSourcesBuildPhase;
			buildActionMask = 2147483647;
			files = (
				16D6CAEA1B06C73100B9EB3D /* ViewController.swift in Sources */,
				16D6CAE81B06C73100B9EB3D /* AppDelegate.swift in Sources */,
			);
			runOnlyForDeploymentPostprocessing = 0;
		};
		16D6CAF31B06C73100B9EB3D /* Sources */ = {
			isa = PBXSourcesBuildPhase;
			buildActionMask = 2147483647;
			files = (
				16D6CAFE1B06C73100B9EB3D /* Cat_YearsTests.swift in Sources */,
			);
			runOnlyForDeploymentPostprocessing = 0;
		};
/* End PBXSourcesBuildPhase section */

/* Begin PBXTargetDependency section */
		16D6CAF91B06C73100B9EB3D /* PBXTargetDependency */ = {
			isa = PBXTargetDependency;
			target = 16D6CAE11B06C73100B9EB3D /* Cat Years */;
			targetProxy = 16D6CAF81B06C73100B9EB3D /* PBXContainerItemProxy */;
		};
/* End PBXTargetDependency section */

/* Begin PBXVariantGroup section */
		16D6CAEB1B06C73100B9EB3D /* Main.storyboard */ = {
			isa = PBXVariantGroup;
			children = (
				16D6CAEC1B06C73100B9EB3D /* Base */,
			);
			name = Main.storyboard;
			sourceTree = "<group>";
		};
		16D6CAF01B06C73100B9EB3D /* LaunchScreen.xib */ = {
			isa = PBXVariantGroup;
			children = (
				16D6CAF11B06C73100B9EB3D /* Base */,
			);
			name = LaunchScreen.xib;
			sourceTree = "<group>";
		};
/* End PBXVariantGroup section */

/* Begin XCBuildConfiguration section */
		16D6CAFF1B06C73100B9EB3D /* Debug */ = {
			isa = XCBuildConfiguration;
			buildSettings = {
				ALWAYS_SEARCH_USER_PATHS = NO;
				CLANG_CXX_LANGUAGE_STANDARD = "gnu++0x";
				CLANG_CXX_LIBRARY = "libc++";
				CLANG_ENABLE_MODULES = YES;
				CLANG_ENABLE_OBJC_ARC = YES;
				CLANG_WARN_BOOL_CONVERSION = YES;
				CLANG_WARN_CONSTANT_CONVERSION = YES;
				CLANG_WARN_DIRECT_OBJC_ISA_USAGE = YES_ERROR;
				CLANG_WARN_EMPTY_BODY = YES;
				CLANG_WARN_ENUM_CONVERSION = YES;
				CLANG_WARN_INT_CONVERSION = YES;
				CLANG_WARN_OBJC_ROOT_CLASS = YES_ERROR;
				CLANG_WARN_UNREACHABLE_CODE = YES;
				CLANG_WARN__DUPLICATE_METHOD_MATCH = YES;
				"CODE_SIGN_IDENTITY[sdk=iphoneos*]" = "iPhone Developer";
				COPY_PHASE_STRIP = NO;
				DEBUG_INFORMATION_FORMAT = "dwarf-with-dsym";
				ENABLE_STRICT_OBJC_MSGSEND = YES;
				GCC_C_LANGUAGE_STANDARD = gnu99;
				GCC_DYNAMIC_NO_PIC = NO;
				GCC_NO_COMMON_BLOCKS = YES;
				GCC_OPTIMIZATION_LEVEL = 0;
				GCC_PREPROCESSOR_DEFINITIONS = (
					"DEBUG=1",
					"$(inherited)",
				);
				GCC_SYMBOLS_PRIVATE_EXTERN = NO;
				GCC_WARN_64_TO_32_BIT_CONVERSION = YES;
				GCC_WARN_ABOUT_RETURN_TYPE = YES_ERROR;
				GCC_WARN_UNDECLARED_SELECTOR = YES;
				GCC_WARN_UNINITIALIZED_AUTOS = YES_AGGRESSIVE;
				GCC_WARN_UNUSED_FUNCTION = YES;
				GCC_WARN_UNUSED_VARIABLE = YES;
				IPHONEOS_DEPLOYMENT_TARGET = 8.3;
				MTL_ENABLE_DEBUG_INFO = YES;
				ONLY_ACTIVE_ARCH = YES;
				SDKROOT = iphoneos;
				SWIFT_OPTIMIZATION_LEVEL = "-Onone";
				TARGETED_DEVICE_FAMILY = "1,2";
			};
			name = Debug;
		};
		16D6CB001B06C73100B9EB3D /* Release */ = {
			isa = XCBuildConfiguration;
			buildSettings = {
				ALWAYS_SEARCH_USER_PATHS = NO;
				CLANG_CXX_LANGUAGE_STANDARD = "gnu++0x";
				CLANG_CXX_LIBRARY = "libc++";
				CLANG_ENABLE_MODULES = YES;
				CLANG_ENABLE_OBJC_ARC = YES;
				CLANG_WARN_BOOL_CONVERSION = YES;
				CLANG_WARN_CONSTANT_CONVERSION = YES;
				CLANG_WARN_DIRECT_OBJC_ISA_USAGE = YES_ERROR;
				CLANG_WARN_EMPTY_BODY = YES;
				CLANG_WARN_ENUM_CONVERSION = YES;
				CLANG_WARN_INT_CONVERSION = YES;
				CLANG_WARN_OBJC_ROOT_CLASS = YES_ERROR;
				CLANG_WARN_UNREACHABLE_CODE = YES;
				CLANG_WARN__DUPLICATE_METHOD_MATCH = YES;
				"CODE_SIGN_IDENTITY[sdk=iphoneos*]" = "iPhone Developer";
				COPY_PHASE_STRIP = NO;
				DEBUG_INFORMATION_FORMAT = "dwarf-with-dsym";
				ENABLE_NS_ASSERTIONS = NO;
				ENABLE_STRICT_OBJC_MSGSEND = YES;
				GCC_C_LANGUAGE_STANDARD = gnu99;
				GCC_NO_COMMON_BLOCKS = YES;
				GCC_WARN_64_TO_32_BIT_CONVERSION = YES;
				GCC_WARN_ABOUT_RETURN_TYPE = YES_ERROR;
				GCC_WARN_UNDECLARED_SELECTOR = YES;
				GCC_WARN_UNINITIALIZED_AUTOS = YES_AGGRESSIVE;
				GCC_WARN_UNUSED_FUNCTION = YES;
				GCC_WARN_UNUSED_VARIABLE = YES;
				IPHONEOS_DEPLOYMENT_TARGET = 8.3;
				MTL_ENABLE_DEBUG_INFO = NO;
				SDKROOT = iphoneos;
				TARGETED_DEVICE_FAMILY = "1,2";
				VALIDATE_PRODUCT = YES;
			};
			name = Release;
		};
		16D6CB021B06C73100B9EB3D /* Debug */ = {
			isa = XCBuildConfiguration;
			buildSettings = {
				ASSETCATALOG_COMPILER_APPICON_NAME = AppIcon;
				INFOPLIST_FILE = "Cat Years/Info.plist";
				LD_RUNPATH_SEARCH_PATHS = "$(inherited) @executable_path/Frameworks";
				PRODUCT_NAME = "$(TARGET_NAME)";
			};
			name = Debug;
		};
		16D6CB031B06C73100B9EB3D /* Release */ = {
			isa = XCBuildConfiguration;
			buildSettings = {
				ASSETCATALOG_COMPILER_APPICON_NAME = AppIcon;
				INFOPLIST_FILE = "Cat Years/Info.plist";
				LD_RUNPATH_SEARCH_PATHS = "$(inherited) @executable_path/Frameworks";
				PRODUCT_NAME = "$(TARGET_NAME)";
			};
			name = Release;
		};
		16D6CB051B06C73100B9EB3D /* Debug */ = {
			isa = XCBuildConfiguration;
			buildSettings = {
				BUNDLE_LOADER = "$(TEST_HOST)";
				FRAMEWORK_SEARCH_PATHS = (
					"$(SDKROOT)/Developer/Library/Frameworks",
					"$(inherited)",
				);
				GCC_PREPROCESSOR_DEFINITIONS = (
					"DEBUG=1",
					"$(inherited)",
				);
				INFOPLIST_FILE = "Cat YearsTests/Info.plist";
				LD_RUNPATH_SEARCH_PATHS = "$(inherited) @executable_path/Frameworks @loader_path/Frameworks";
				PRODUCT_NAME = "$(TARGET_NAME)";
				TEST_HOST = "$(BUILT_PRODUCTS_DIR)/Cat Years.app/Cat Years";
			};
			name = Debug;
		};
		16D6CB061B06C73100B9EB3D /* Release */ = {
			isa = XCBuildConfiguration;
			buildSettings = {
				BUNDLE_LOADER = "$(TEST_HOST)";
				FRAMEWORK_SEARCH_PATHS = (
					"$(SDKROOT)/Developer/Library/Frameworks",
					"$(inherited)",
				);
				INFOPLIST_FILE = "Cat YearsTests/Info.plist";
				LD_RUNPATH_SEARCH_PATHS = "$(inherited) @executable_path/Frameworks @loader_path/Frameworks";
				PRODUCT_NAME = "$(TARGET_NAME)";
				TEST_HOST = "$(BUILT_PRODUCTS_DIR)/Cat Years.app/Cat Years";
			};
			name = Release;
		};
/* End XCBuildConfiguration section */

/* Begin XCConfigurationList section */
		16D6CADD1B06C73100B9EB3D /* Build configuration list for PBXProject "Cat Years" */ = {
			isa = XCConfigurationList;
			buildConfigurations = (
				16D6CAFF1B06C73100B9EB3D /* Debug */,
				16D6CB001B06C73100B9EB3D /* Release */,
			);
			defaultConfigurationIsVisible = 0;
			defaultConfigurationName = Release;
		};
		16D6CB011B06C73100B9EB3D /* Build configuration list for PBXNativeTarget "Cat Years" */ = {
			isa = XCConfigurationList;
			buildConfigurations = (
				16D6CB021B06C73100B9EB3D /* Debug */,
				16D6CB031B06C73100B9EB3D /* Release */,
			);
			defaultConfigurationIsVisible = 0;
		};
		16D6CB041B06C73100B9EB3D /* Build configuration list for PBXNativeTarget "Cat YearsTests" */ = {
			isa = XCConfigurationList;
			buildConfigurations = (
				16D6CB051B06C73100B9EB3D /* Debug */,
				16D6CB061B06C73100B9EB3D /* Release */,
			);
			defaultConfigurationIsVisible = 0;
		};
/* End XCConfigurationList section */
	};
	rootObject = 16D6CADA1B06C73100B9EB3D /* Project object */;
}
